
Microsoft Visual Studio Solution File, Format Version 12.00
# Visual Studio Version 17
VisualStudioVersion = 17.10.35027.167
MinimumVisualStudioVersion = 10.0.40219.1
Project("{FAE04EC0-301F-11D3-BF4B-00C04F79EFBC}") = "Forma", "Forma.csproj", "{D5B6E4B6-4AFC-4BD9-B89D-CAED93AD8BCF}"
EndProject
Global
	GlobalSection(SolutionConfigurationPlatforms) = preSolution
		Debug|Any CPU = Debug|Any CPU
		Release|Any CPU = Release|Any CPU
	EndGlobalSection
	GlobalSection(ProjectConfigurationPlatforms) = postSolution
		{D5B6E4B6-4AFC-4BD9-B89D-CAED93AD8BCF}.Debug|Any CPU.ActiveCfg = Debug|Any CPU
		{D5B6E4B6-4AFC-4BD9-B89D-CAED93AD8BCF}.Debug|Any CPU.Build.0 = Debug|Any CPU
		{D5B6E4B6-4AFC-4BD9-B89D-CAED93AD8BCF}.Release|Any CPU.ActiveCfg = Release|Any CPU
		{D5B6E4B6-4AFC-4BD9-B89D-CAED93AD8BCF}.Release|Any CPU.Build.0 = Release|Any CPU
	EndGlobalSection
	GlobalSection(SolutionProperties) = preSolution
		HideSolutionNode = FALSE
	EndGlobalSection
	GlobalSection(ExtensibilityGlobals) = postSolution
		SolutionGuid = {FEC29830-BFA4-4D44-BE01-EFEDA769F7B3}
	EndGlobalSection
EndGlobal
