
Microsoft Visual Studio Solution File, Format Version 12.00
# Visual Studio Version 17
VisualStudioVersion = 17.10.35027.167
MinimumVisualStudioVersion = 10.0.40219.1
Project("{FAE04EC0-301F-11D3-BF4B-00C04F79EFBC}") = "FormularioContacto", "FormularioContacto\FormularioContacto.csproj", "{417791B2-9855-4FC8-8BC9-EDC559F9BB52}"
EndProject
Global
	GlobalSection(SolutionConfigurationPlatforms) = preSolution
		Debug|Any CPU = Debug|Any CPU
		Release|Any CPU = Release|Any CPU
	EndGlobalSection
	GlobalSection(ProjectConfigurationPlatforms) = postSolution
		{417791B2-9855-4FC8-8BC9-EDC559F9BB52}.Debug|Any CPU.ActiveCfg = Debug|Any CPU
		{417791B2-9855-4FC8-8BC9-EDC559F9BB52}.Debug|Any CPU.Build.0 = Debug|Any CPU
		{417791B2-9855-4FC8-8BC9-EDC559F9BB52}.Release|Any CPU.ActiveCfg = Release|Any CPU
		{417791B2-9855-4FC8-8BC9-EDC559F9BB52}.Release|Any CPU.Build.0 = Release|Any CPU
	EndGlobalSection
	GlobalSection(SolutionProperties) = preSolution
		HideSolutionNode = FALSE
	EndGlobalSection
	GlobalSection(ExtensibilityGlobals) = postSolution
		SolutionGuid = {309B140A-9DC3-4EA4-A25D-A737CFFAB4B7}
	EndGlobalSection
EndGlobal
