
Microsoft Visual Studio Solution File, Format Version 12.00
# Visual Studio Version 17
VisualStudioVersion = 17.10.35027.167
MinimumVisualStudioVersion = 10.0.40219.1
Project("{9A19103F-16F7-4668-BE54-9A1E7A4F7556}") = "App1", "App1.csproj", "{0478D259-1D94-4938-A516-6260A06C502E}"
EndProject
Project("{FAE04EC0-301F-11D3-BF4B-00C04F79EFBC}") = "Tests", "..\Tests\Tests.csproj", "{1AF629AD-512F-431F-8C06-7A621607DDB1}"
EndProject
Global
	GlobalSection(SolutionConfigurationPlatforms) = preSolution
		Debug|Any CPU = Debug|Any CPU
		Release|Any CPU = Release|Any CPU
	EndGlobalSection
	GlobalSection(ProjectConfigurationPlatforms) = postSolution
		{0478D259-1D94-4938-A516-6260A06C502E}.Debug|Any CPU.ActiveCfg = Debug|Any CPU
		{0478D259-1D94-4938-A516-6260A06C502E}.Debug|Any CPU.Build.0 = Debug|Any CPU
		{0478D259-1D94-4938-A516-6260A06C502E}.Release|Any CPU.ActiveCfg = Release|Any CPU
		{0478D259-1D94-4938-A516-6260A06C502E}.Release|Any CPU.Build.0 = Release|Any CPU
		{1AF629AD-512F-431F-8C06-7A621607DDB1}.Debug|Any CPU.ActiveCfg = Debug|Any CPU
		{1AF629AD-512F-431F-8C06-7A621607DDB1}.Debug|Any CPU.Build.0 = Debug|Any CPU
		{1AF629AD-512F-431F-8C06-7A621607DDB1}.Release|Any CPU.ActiveCfg = Release|Any CPU
		{1AF629AD-512F-431F-8C06-7A621607DDB1}.Release|Any CPU.Build.0 = Release|Any CPU
	EndGlobalSection
	GlobalSection(SolutionProperties) = preSolution
		HideSolutionNode = FALSE
	EndGlobalSection
	GlobalSection(ExtensibilityGlobals) = postSolution
		SolutionGuid = {338E3723-D532-4F1E-80B9-23BE4FB0F83B}
	EndGlobalSection
EndGlobal
