
Microsoft Visual Studio Solution File, Format Version 12.00
# Visual Studio Version 17
VisualStudioVersion = 17.10.35027.167
MinimumVisualStudioVersion = 10.0.40219.1
Project("{FAE04EC0-301F-11D3-BF4B-00C04F79EFBC}") = "POO", "POO\POO.csproj", "{EE0348BE-6B18-41F9-ABE1-360B695B12D1}"
EndProject
Global
	GlobalSection(SolutionConfigurationPlatforms) = preSolution
		Debug|Any CPU = Debug|Any CPU
		Release|Any CPU = Release|Any CPU
	EndGlobalSection
	GlobalSection(ProjectConfigurationPlatforms) = postSolution
		{EE0348BE-6B18-41F9-ABE1-360B695B12D1}.Debug|Any CPU.ActiveCfg = Debug|Any CPU
		{EE0348BE-6B18-41F9-ABE1-360B695B12D1}.Debug|Any CPU.Build.0 = Debug|Any CPU
		{EE0348BE-6B18-41F9-ABE1-360B695B12D1}.Release|Any CPU.ActiveCfg = Release|Any CPU
		{EE0348BE-6B18-41F9-ABE1-360B695B12D1}.Release|Any CPU.Build.0 = Release|Any CPU
	EndGlobalSection
	GlobalSection(SolutionProperties) = preSolution
		HideSolutionNode = FALSE
	EndGlobalSection
	GlobalSection(ExtensibilityGlobals) = postSolution
		SolutionGuid = {9FE27502-B44F-4913-978E-425FDAEFD930}
	EndGlobalSection
EndGlobal
